{
  "version": 4,
  "terraform_version": "1.3.9",
  "serial": 39,
  "lineage": "eacf0739-2df7-0a29-f62e-5c9f40f1a851",
  "outputs": {
    "li-nux_server_li-bel": {
      "value": "dnslibel.australiasoutheast.cloudapp.azure.com",
      "type": "string"
    },
    "li-nux_server_priv_ip": {
      "value": "10.0.1.4",
      "type": "string"
    },
    "li-nux_server_pub_ip": {
      "value": "20.11.206.194",
      "type": "string"
    },
    "vnet_id": {
      "value": "/subscriptions/a7e559ea-2d59-424c-a2a2-9e1480c66a9e/resourceGroups/li-nux_server_rg/providers/Microsoft.Network/virtualNetworks/li-net-v-net",
      "type": "string"
    }
  },
  "resources": [
    {
      "mode": "managed",
      "type": "azurerm_linux_virtual_machine",
      "name": "li-nux_server",
      "provider": "provider[\"registry.terraform.io/hashicorp/azurerm\"]",
      "instances": [
        {
          "schema_version": 0,
          "attributes": {
            "additional_capabilities": [],
            "admin_password": "Superl1ma",
            "admin_ssh_key": [],
            "admin_username": "Superl1ma",
            "allow_extension_operations": true,
            "availability_set_id": "",
            "boot_diagnostics": [],
            "capacity_reservation_group_id": "",
            "computer_name": "Li-nux Ma-chine",
            "custom_data": "IyEvYmluL2Jhc2gKI0luc3RhbGxpbmcgTkdJTlgKc3VkbyBhcHQgdXBkYXRlCnN1ZG8gYXB0IGluc3RhbGwgLXkgbmdpbngKc3VkbyB1ZncgYWxsb3cgJ05naW54IEhUVFAnCnN1ZG8gY2htb2QgLVIgNzU1IC92YXIvd3d3L2h0bWwvaW5kZXgubmdpbngtZGViaWFuLmh0bWwKc3VkbyBybSAvdmFyL3d3dy9odG1sL2luZGV4Lm5naW54LWRlYmlhbi5odG1sCmVjaG8gJzxodG1sPjxoZWFkPjx0aXRsZT5MVVNUSU5zIExpLW51eCBTZXJ2ZXIgPDMgPC90aXRsZT48L2hlYWQ+PGJvZHkgc3R5bGU9XCJiYWNrZ3JvdW5kLWNvbG9yOiM1OEQ2OERcIj48cCBzdHlsZT1cInRleHQtYWxpZ246IGNlbnRlcjtcIj48c3BhbiBzdHlsZT1cImNvbG9yOiNGRkZGRkY7XCI+PHNwYW4gc3R5bGU9XCJmb250LXNpemU6MjhweDtcIj4gPGgxPkhpIEJBQlk8L2gxPiA8cD4gQ2hlY2sgb3V0IG15IHdlYnNlcnZlciBidWlsdCB2aWEgSWFDIG9uIE1pY3Jvc29mdCBBenVyZSB0aHJvdWdoIFRlcnJhZm9ybTwvcD4gPHA+TG92ZSB5b3UgTCAmIzEwMDg0OzwvcD48aDI+TG92ZSBmcm9tIEp1c3RpbjwvaDI+PC9zcGFuPjwvc3Bhbj48L3A+PC9ib2R5PjwvaHRtbD4nIHwgc3VkbyB0ZWUgL3Zhci93d3cvaHRtbC9pbmRleC5uZ2lueC1kZWJpYW4uaHRtbAoKIy92YXIvd3d3L3lvdXJfZG9tYWluL2h0bWw7CiAjICAgICAgIGluZGV4IGluZGV4Lmh0bWwgaW5kZXguaHRtIGluZGV4Lm5naW54LWRlYmlhbi5odG1sCg==",
            "dedicated_host_group_id": "",
            "dedicated_host_id": "",
            "disable_password_authentication": false,
            "edge_zone": "",
            "encryption_at_host_enabled": false,
            "eviction_policy": "",
            "extensions_time_budget": "PT1H30M",
            "gallery_application": [],
            "id": "/subscriptions/a7e559ea-2d59-424c-a2a2-9e1480c66a9e/resourceGroups/li-nux_server_rg/providers/Microsoft.Compute/virtualMachines/li-nux_server",
            "identity": [],
            "license_type": "",
            "location": "australiasoutheast",
            "max_bid_price": -1,
            "name": "li-nux_server",
            "network_interface_ids": [
              "/subscriptions/a7e559ea-2d59-424c-a2a2-9e1480c66a9e/resourceGroups/li-nux_server_rg/providers/Microsoft.Network/networkInterfaces/li-nux_server_linterface"
            ],
            "os_disk": [
              {
                "caching": "ReadWrite",
                "diff_disk_settings": [],
                "disk_encryption_set_id": "",
                "disk_size_gb": 30,
                "name": "li-nux_server_disk1_355870b9982f4f79a951c0d7f0a8cbde",
                "secure_vm_disk_encryption_set_id": "",
                "security_encryption_type": "",
                "storage_account_type": "Standard_LRS",
                "write_accelerator_enabled": false
              }
            ],
            "patch_assessment_mode": "ImageDefault",
            "patch_mode": "ImageDefault",
            "plan": [],
            "platform_fault_domain": -1,
            "priority": "Regular",
            "private_ip_address": "10.0.1.4",
            "private_ip_addresses": [
              "10.0.1.4"
            ],
            "provision_vm_agent": true,
            "proximity_placement_group_id": "",
            "public_ip_address": "20.11.206.194",
            "public_ip_addresses": [
              "20.11.206.194"
            ],
            "resource_group_name": "li-nux_server_rg",
            "secret": [],
            "secure_boot_enabled": false,
            "size": "Standard_B1ls",
            "source_image_id": "",
            "source_image_reference": [
              {
                "offer": "UbuntuServer",
                "publisher": "Canonical",
                "sku": "18.04-LTS",
                "version": "latest"
              }
            ],
            "tags": null,
            "termination_notification": null,
            "timeouts": null,
            "user_data": "",
            "virtual_machine_id": "e677833c-ebb8-4531-be9f-1fdb7beb7a35",
            "virtual_machine_scale_set_id": "",
            "vtpm_enabled": false,
            "zone": ""
          },
          "sensitive_attributes": [],
          "private": "eyJlMmJmYjczMC1lY2FhLTExZTYtOGY4OC0zNDM2M2JjN2M0YzAiOnsiY3JlYXRlIjoyNzAwMDAwMDAwMDAwLCJkZWxldGUiOjI3MDAwMDAwMDAwMDAsInJlYWQiOjMwMDAwMDAwMDAwMCwidXBkYXRlIjoyNzAwMDAwMDAwMDAwfX0=",
          "dependencies": [
            "azurerm_network_interface.li-nux_server_linterface",
            "azurerm_public_ip.li-nux_server_pub_ip",
            "azurerm_resource_group.li-nux_server_rg",
            "azurerm_subnet.linet_lovenet",
            "azurerm_virtual_network.li-net-v-net"
          ]
        }
      ]
    },
    {
      "mode": "managed",
      "type": "azurerm_network_interface",
      "name": "li-nux_server_linterface",
      "provider": "provider[\"registry.terraform.io/hashicorp/azurerm\"]",
      "instances": [
        {
          "schema_version": 0,
          "attributes": {
            "applied_dns_servers": [],
            "dns_servers": [],
            "edge_zone": "",
            "enable_accelerated_networking": false,
            "enable_ip_forwarding": false,
            "id": "/subscriptions/a7e559ea-2d59-424c-a2a2-9e1480c66a9e/resourceGroups/li-nux_server_rg/providers/Microsoft.Network/networkInterfaces/li-nux_server_linterface",
            "internal_dns_name_label": "",
            "internal_domain_name_suffix": "rajtnjpsmaru1bp540k5sgqwpc.qx.internal.cloudapp.net",
            "ip_configuration": [
              {
                "gateway_load_balancer_frontend_ip_configuration_id": "",
                "name": "internal",
                "primary": true,
                "private_ip_address": "10.0.1.4",
                "private_ip_address_allocation": "Dynamic",
                "private_ip_address_version": "IPv4",
                "public_ip_address_id": "/subscriptions/a7e559ea-2d59-424c-a2a2-9e1480c66a9e/resourceGroups/li-nux_server_rg/providers/Microsoft.Network/publicIPAddresses/li-nux_server_pub_ip",
                "subnet_id": "/subscriptions/a7e559ea-2d59-424c-a2a2-9e1480c66a9e/resourceGroups/li-nux_server_rg/providers/Microsoft.Network/virtualNetworks/li-net-v-net/subnets/linet_lovenet"
              }
            ],
            "location": "australiasoutheast",
            "mac_address": "",
            "name": "li-nux_server_linterface",
            "private_ip_address": "10.0.1.4",
            "private_ip_addresses": [
              "10.0.1.4"
            ],
            "resource_group_name": "li-nux_server_rg",
            "tags": null,
            "timeouts": null,
            "virtual_machine_id": ""
          },
          "sensitive_attributes": [],
          "private": "eyJlMmJmYjczMC1lY2FhLTExZTYtOGY4OC0zNDM2M2JjN2M0YzAiOnsiY3JlYXRlIjoxODAwMDAwMDAwMDAwLCJkZWxldGUiOjE4MDAwMDAwMDAwMDAsInJlYWQiOjMwMDAwMDAwMDAwMCwidXBkYXRlIjoxODAwMDAwMDAwMDAwfX0=",
          "dependencies": [
            "azurerm_public_ip.li-nux_server_pub_ip",
            "azurerm_resource_group.li-nux_server_rg",
            "azurerm_subnet.linet_lovenet",
            "azurerm_virtual_network.li-net-v-net"
          ]
        }
      ]
    },
    {
      "mode": "managed",
      "type": "azurerm_network_security_group",
      "name": "lis_permission",
      "provider": "provider[\"registry.terraform.io/hashicorp/azurerm\"]",
      "instances": [
        {
          "schema_version": 0,
          "attributes": {
            "id": "/subscriptions/a7e559ea-2d59-424c-a2a2-9e1480c66a9e/resourceGroups/li-nux_server_rg/providers/Microsoft.Network/networkSecurityGroups/lis_permission",
            "location": "australiasoutheast",
            "name": "lis_permission",
            "resource_group_name": "li-nux_server_rg",
            "security_rule": [
              {
                "access": "Allow",
                "description": "",
                "destination_address_prefix": "*",
                "destination_address_prefixes": [],
                "destination_application_security_group_ids": [],
                "destination_port_range": "22",
                "destination_port_ranges": [],
                "direction": "Inbound",
                "name": "ssh",
                "priority": 300,
                "protocol": "Tcp",
                "source_address_prefix": "*",
                "source_address_prefixes": [],
                "source_application_security_group_ids": [],
                "source_port_range": "*",
                "source_port_ranges": []
              },
              {
                "access": "Allow",
                "description": "",
                "destination_address_prefix": "*",
                "destination_address_prefixes": [],
                "destination_application_security_group_ids": [],
                "destination_port_range": "443",
                "destination_port_ranges": [],
                "direction": "Inbound",
                "name": "https",
                "priority": 200,
                "protocol": "Tcp",
                "source_address_prefix": "*",
                "source_address_prefixes": [],
                "source_application_security_group_ids": [],
                "source_port_range": "*",
                "source_port_ranges": []
              },
              {
                "access": "Allow",
                "description": "",
                "destination_address_prefix": "*",
                "destination_address_prefixes": [],
                "destination_application_security_group_ids": [],
                "destination_port_range": "80",
                "destination_port_ranges": [],
                "direction": "Inbound",
                "name": "http",
                "priority": 100,
                "protocol": "Tcp",
                "source_address_prefix": "*",
                "source_address_prefixes": [],
                "source_application_security_group_ids": [],
                "source_port_range": "*",
                "source_port_ranges": []
              }
            ],
            "tags": null,
            "timeouts": null
          },
          "sensitive_attributes": [],
          "private": "eyJlMmJmYjczMC1lY2FhLTExZTYtOGY4OC0zNDM2M2JjN2M0YzAiOnsiY3JlYXRlIjoxODAwMDAwMDAwMDAwLCJkZWxldGUiOjE4MDAwMDAwMDAwMDAsInJlYWQiOjMwMDAwMDAwMDAwMCwidXBkYXRlIjoxODAwMDAwMDAwMDAwfX0=",
          "dependencies": [
            "azurerm_resource_group.li-nux_server_rg"
          ]
        }
      ]
    },
    {
      "mode": "managed",
      "type": "azurerm_public_ip",
      "name": "li-nux_server_pub_ip",
      "provider": "provider[\"registry.terraform.io/hashicorp/azurerm\"]",
      "instances": [
        {
          "schema_version": 0,
          "attributes": {
            "allocation_method": "Dynamic",
            "ddos_protection_mode": "VirtualNetworkInherited",
            "ddos_protection_plan_id": null,
            "domain_name_label": "dnslibel",
            "edge_zone": "",
            "fqdn": "dnslibel.australiasoutheast.cloudapp.azure.com",
            "id": "/subscriptions/a7e559ea-2d59-424c-a2a2-9e1480c66a9e/resourceGroups/li-nux_server_rg/providers/Microsoft.Network/publicIPAddresses/li-nux_server_pub_ip",
            "idle_timeout_in_minutes": 4,
            "ip_address": "",
            "ip_tags": null,
            "ip_version": "IPv4",
            "location": "australiasoutheast",
            "name": "li-nux_server_pub_ip",
            "public_ip_prefix_id": null,
            "resource_group_name": "li-nux_server_rg",
            "reverse_fqdn": "",
            "sku": "Basic",
            "sku_tier": "Regional",
            "tags": null,
            "timeouts": null,
            "zones": null
          },
          "sensitive_attributes": [],
          "private": "eyJlMmJmYjczMC1lY2FhLTExZTYtOGY4OC0zNDM2M2JjN2M0YzAiOnsiY3JlYXRlIjoxODAwMDAwMDAwMDAwLCJkZWxldGUiOjE4MDAwMDAwMDAwMDAsInJlYWQiOjMwMDAwMDAwMDAwMCwidXBkYXRlIjoxODAwMDAwMDAwMDAwfX0=",
          "dependencies": [
            "azurerm_resource_group.li-nux_server_rg"
          ]
        }
      ]
    },
    {
      "mode": "managed",
      "type": "azurerm_resource_group",
      "name": "li-nux_server_rg",
      "provider": "provider[\"registry.terraform.io/hashicorp/azurerm\"]",
      "instances": [
        {
          "schema_version": 0,
          "attributes": {
            "id": "/subscriptions/a7e559ea-2d59-424c-a2a2-9e1480c66a9e/resourceGroups/li-nux_server_rg",
            "location": "australiasoutheast",
            "name": "li-nux_server_rg",
            "tags": null,
            "timeouts": null
          },
          "sensitive_attributes": [],
          "private": "eyJlMmJmYjczMC1lY2FhLTExZTYtOGY4OC0zNDM2M2JjN2M0YzAiOnsiY3JlYXRlIjo1NDAwMDAwMDAwMDAwLCJkZWxldGUiOjU0MDAwMDAwMDAwMDAsInJlYWQiOjMwMDAwMDAwMDAwMCwidXBkYXRlIjo1NDAwMDAwMDAwMDAwfX0="
        }
      ]
    },
    {
      "mode": "managed",
      "type": "azurerm_subnet",
      "name": "linet_lovenet",
      "provider": "provider[\"registry.terraform.io/hashicorp/azurerm\"]",
      "instances": [
        {
          "schema_version": 0,
          "attributes": {
            "address_prefixes": [
              "10.0.1.0/24"
            ],
            "delegation": [],
            "enforce_private_link_endpoint_network_policies": false,
            "enforce_private_link_service_network_policies": false,
            "id": "/subscriptions/a7e559ea-2d59-424c-a2a2-9e1480c66a9e/resourceGroups/li-nux_server_rg/providers/Microsoft.Network/virtualNetworks/li-net-v-net/subnets/linet_lovenet",
            "name": "linet_lovenet",
            "private_endpoint_network_policies_enabled": true,
            "private_link_service_network_policies_enabled": true,
            "resource_group_name": "li-nux_server_rg",
            "service_endpoint_policy_ids": null,
            "service_endpoints": null,
            "timeouts": null,
            "virtual_network_name": "li-net-v-net"
          },
          "sensitive_attributes": [],
          "private": "eyJlMmJmYjczMC1lY2FhLTExZTYtOGY4OC0zNDM2M2JjN2M0YzAiOnsiY3JlYXRlIjoxODAwMDAwMDAwMDAwLCJkZWxldGUiOjE4MDAwMDAwMDAwMDAsInJlYWQiOjMwMDAwMDAwMDAwMCwidXBkYXRlIjoxODAwMDAwMDAwMDAwfX0=",
          "dependencies": [
            "azurerm_resource_group.li-nux_server_rg",
            "azurerm_virtual_network.li-net-v-net"
          ]
        }
      ]
    },
    {
      "mode": "managed",
      "type": "azurerm_virtual_network",
      "name": "li-net-v-net",
      "provider": "provider[\"registry.terraform.io/hashicorp/azurerm\"]",
      "instances": [
        {
          "schema_version": 0,
          "attributes": {
            "address_space": [
              "10.0.0.0/16"
            ],
            "bgp_community": "",
            "ddos_protection_plan": [],
            "dns_servers": [],
            "edge_zone": "",
            "flow_timeout_in_minutes": 0,
            "guid": "a5361388-60f2-4d23-85ff-f695f91a167a",
            "id": "/subscriptions/a7e559ea-2d59-424c-a2a2-9e1480c66a9e/resourceGroups/li-nux_server_rg/providers/Microsoft.Network/virtualNetworks/li-net-v-net",
            "location": "australiasoutheast",
            "name": "li-net-v-net",
            "resource_group_name": "li-nux_server_rg",
            "subnet": [],
            "tags": null,
            "timeouts": null
          },
          "sensitive_attributes": [],
          "private": "eyJlMmJmYjczMC1lY2FhLTExZTYtOGY4OC0zNDM2M2JjN2M0YzAiOnsiY3JlYXRlIjoxODAwMDAwMDAwMDAwLCJkZWxldGUiOjE4MDAwMDAwMDAwMDAsInJlYWQiOjMwMDAwMDAwMDAwMCwidXBkYXRlIjoxODAwMDAwMDAwMDAwfX0=",
          "dependencies": [
            "azurerm_resource_group.li-nux_server_rg"
          ]
        }
      ]
    }
  ],
  "check_results": null
}
