{
  "version": 4,
  "terraform_version": "1.3.9",
  "serial": 17,
  "lineage": "20b24322-909c-9f2f-0e21-2df62c4c6d8a",
  "outputs": {
    "lb_public_ip": {
      "value": "20.127.32.183",
      "type": "string"
    }
  },
  "resources": [
    {
      "mode": "managed",
      "type": "azurerm_lb_backend_address_pool",
      "name": "TCP_Feels-LB_Backend_Pool",
      "provider": "provider[\"registry.terraform.io/hashicorp/azurerm\"]",
      "instances": []
    },
    {
      "mode": "managed",
      "type": "azurerm_lb_backend_address_pool_address",
      "name": "TCP_Feels-LB_Backend_Pool_ADDRESS",
      "provider": "provider[\"registry.terraform.io/hashicorp/azurerm\"]",
      "instances": []
    },
    {
      "mode": "managed",
      "type": "azurerm_lb_probe",
      "name": "TCP_Feels-LB_Probe",
      "provider": "provider[\"registry.terraform.io/hashicorp/azurerm\"]",
      "instances": []
    },
    {
      "mode": "managed",
      "type": "azurerm_lb_rule",
      "name": "TCP_Feels-LB_Rule",
      "provider": "provider[\"registry.terraform.io/hashicorp/azurerm\"]",
      "instances": []
    },
    {
      "mode": "managed",
      "type": "azurerm_public_ip",
      "name": "TCP_Feels-PUB_IP",
      "provider": "provider[\"registry.terraform.io/hashicorp/azurerm\"]",
      "instances": [
        {
          "schema_version": 0,
          "attributes": {
            "allocation_method": "Static",
            "ddos_protection_mode": "VirtualNetworkInherited",
            "ddos_protection_plan_id": null,
            "domain_name_label": null,
            "edge_zone": "",
            "fqdn": null,
            "id": "/subscriptions/78592a97-2fcd-43ae-b2e8-02cd4b1934c8/resourceGroups/TCP_Feels-Resource-Group/providers/Microsoft.Network/publicIPAddresses/TCP_Feels-lb-PUBLIC-IP",
            "idle_timeout_in_minutes": 4,
            "ip_address": "20.127.32.183",
            "ip_tags": null,
            "ip_version": "IPv4",
            "location": "eastus",
            "name": "TCP_Feels-lb-PUBLIC-IP",
            "public_ip_prefix_id": null,
            "resource_group_name": "TCP_Feels-Resource-Group",
            "reverse_fqdn": null,
            "sku": "Standard",
            "sku_tier": "Regional",
            "tags": null,
            "timeouts": null,
            "zones": null
          },
          "sensitive_attributes": [],
          "private": "eyJlMmJmYjczMC1lY2FhLTExZTYtOGY4OC0zNDM2M2JjN2M0YzAiOnsiY3JlYXRlIjoxODAwMDAwMDAwMDAwLCJkZWxldGUiOjE4MDAwMDAwMDAwMDAsInJlYWQiOjMwMDAwMDAwMDAwMCwidXBkYXRlIjoxODAwMDAwMDAwMDAwfX0=",
          "dependencies": [
            "azurerm_resource_group.TCP_Feels-RG"
          ]
        }
      ]
    },
    {
      "mode": "managed",
      "type": "azurerm_resource_group",
      "name": "TCP_Feels-RG",
      "provider": "provider[\"registry.terraform.io/hashicorp/azurerm\"]",
      "instances": [
        {
          "schema_version": 0,
          "attributes": {
            "id": "/subscriptions/78592a97-2fcd-43ae-b2e8-02cd4b1934c8/resourceGroups/TCP_Feels-Resource-Group",
            "location": "eastus",
            "name": "TCP_Feels-Resource-Group",
            "tags": null,
            "timeouts": null
          },
          "sensitive_attributes": [],
          "private": "eyJlMmJmYjczMC1lY2FhLTExZTYtOGY4OC0zNDM2M2JjN2M0YzAiOnsiY3JlYXRlIjo1NDAwMDAwMDAwMDAwLCJkZWxldGUiOjU0MDAwMDAwMDAwMDAsInJlYWQiOjMwMDAwMDAwMDAwMCwidXBkYXRlIjo1NDAwMDAwMDAwMDAwfX0="
        }
      ]
    },
    {
      "mode": "managed",
      "type": "azurerm_subnet",
      "name": "TCP_Feels-SUBNET",
      "provider": "provider[\"registry.terraform.io/hashicorp/azurerm\"]",
      "instances": [
        {
          "schema_version": 0,
          "attributes": {
            "address_prefixes": [
              "10.16.4.0/24"
            ],
            "delegation": [],
            "enforce_private_link_endpoint_network_policies": false,
            "enforce_private_link_service_network_policies": false,
            "id": "/subscriptions/78592a97-2fcd-43ae-b2e8-02cd4b1934c8/resourceGroups/TCP_Feels-Resource-Group/providers/Microsoft.Network/virtualNetworks/TCP_Feels-VNET/subnets/TCP_Feels-SUBNET",
            "name": "TCP_Feels-SUBNET",
            "private_endpoint_network_policies_enabled": true,
            "private_link_service_network_policies_enabled": true,
            "resource_group_name": "TCP_Feels-Resource-Group",
            "service_endpoint_policy_ids": null,
            "service_endpoints": null,
            "timeouts": null,
            "virtual_network_name": "TCP_Feels-VNET"
          },
          "sensitive_attributes": [],
          "private": "eyJlMmJmYjczMC1lY2FhLTExZTYtOGY4OC0zNDM2M2JjN2M0YzAiOnsiY3JlYXRlIjoxODAwMDAwMDAwMDAwLCJkZWxldGUiOjE4MDAwMDAwMDAwMDAsInJlYWQiOjMwMDAwMDAwMDAwMCwidXBkYXRlIjoxODAwMDAwMDAwMDAwfX0=",
          "dependencies": [
            "azurerm_resource_group.TCP_Feels-RG",
            "azurerm_virtual_network.TCP_Feels-VNET"
          ]
        }
      ]
    },
    {
      "mode": "managed",
      "type": "azurerm_virtual_network",
      "name": "TCP_Feels-VNET",
      "provider": "provider[\"registry.terraform.io/hashicorp/azurerm\"]",
      "instances": [
        {
          "schema_version": 0,
          "attributes": {
            "address_space": [
              "10.16.0.0/16"
            ],
            "bgp_community": "",
            "ddos_protection_plan": [],
            "dns_servers": [],
            "edge_zone": "",
            "flow_timeout_in_minutes": 0,
            "guid": "446ecb09-4004-4e88-b9e6-fa08f5d59cd9",
            "id": "/subscriptions/78592a97-2fcd-43ae-b2e8-02cd4b1934c8/resourceGroups/TCP_Feels-Resource-Group/providers/Microsoft.Network/virtualNetworks/TCP_Feels-VNET",
            "location": "eastus",
            "name": "TCP_Feels-VNET",
            "resource_group_name": "TCP_Feels-Resource-Group",
            "subnet": [],
            "tags": null,
            "timeouts": null
          },
          "sensitive_attributes": [],
          "private": "eyJlMmJmYjczMC1lY2FhLTExZTYtOGY4OC0zNDM2M2JjN2M0YzAiOnsiY3JlYXRlIjoxODAwMDAwMDAwMDAwLCJkZWxldGUiOjE4MDAwMDAwMDAwMDAsInJlYWQiOjMwMDAwMDAwMDAwMCwidXBkYXRlIjoxODAwMDAwMDAwMDAwfX0=",
          "dependencies": [
            "azurerm_resource_group.TCP_Feels-RG"
          ]
        }
      ]
    },
    {
      "module": "module.TCP_Feels_VMs",
      "mode": "managed",
      "type": "azurerm_linux_virtual_machine",
      "name": "TCP_Feels",
      "provider": "provider[\"registry.terraform.io/hashicorp/azurerm\"]",
      "instances": [
        {
          "index_key": 0,
          "schema_version": 0,
          "attributes": {
            "additional_capabilities": [],
            "admin_password": "Passw0rd!",
            "admin_ssh_key": [],
            "admin_username": "adminuser",
            "allow_extension_operations": true,
            "availability_set_id": "",
            "boot_diagnostics": [],
            "capacity_reservation_group_id": "",
            "computer_name": "TCP-Feels-COMPNAME-0",
            "custom_data": "Li9pbml0LnNo",
            "dedicated_host_group_id": "",
            "dedicated_host_id": "",
            "disable_password_authentication": false,
            "edge_zone": "",
            "encryption_at_host_enabled": false,
            "eviction_policy": "",
            "extensions_time_budget": "PT1H30M",
            "gallery_application": [],
            "id": "/subscriptions/78592a97-2fcd-43ae-b2e8-02cd4b1934c8/resourceGroups/TCP_Feels-Resource-Group/providers/Microsoft.Compute/virtualMachines/TCP_WITH_FEELS--0",
            "identity": [],
            "license_type": "",
            "location": "eastus",
            "max_bid_price": -1,
            "name": "TCP_WITH_FEELS--0",
            "network_interface_ids": [
              "/subscriptions/78592a97-2fcd-43ae-b2e8-02cd4b1934c8/resourceGroups/TCP_Feels-Resource-Group/providers/Microsoft.Network/networkInterfaces/TCP_WITH_FEELS--0-nic"
            ],
            "os_disk": [
              {
                "caching": "ReadWrite",
                "diff_disk_settings": [],
                "disk_encryption_set_id": "",
                "disk_size_gb": 30,
                "name": "TCP_WITH_FEELS--0-osdisk",
                "secure_vm_disk_encryption_set_id": "",
                "security_encryption_type": "",
                "storage_account_type": "Standard_LRS",
                "write_accelerator_enabled": false
              }
            ],
            "patch_assessment_mode": "ImageDefault",
            "patch_mode": "ImageDefault",
            "plan": [],
            "platform_fault_domain": -1,
            "priority": "Regular",
            "private_ip_address": "10.16.4.5",
            "private_ip_addresses": [
              "10.16.4.5"
            ],
            "provision_vm_agent": true,
            "proximity_placement_group_id": "",
            "public_ip_address": "",
            "public_ip_addresses": [],
            "resource_group_name": "TCP_Feels-Resource-Group",
            "secret": [],
            "secure_boot_enabled": false,
            "size": "Standard_B1s",
            "source_image_id": "",
            "source_image_reference": [
              {
                "offer": "UbuntuServer",
                "publisher": "Canonical",
                "sku": "16.04-LTS",
                "version": "latest"
              }
            ],
            "tags": null,
            "termination_notification": null,
            "timeouts": null,
            "user_data": "",
            "virtual_machine_id": "25f1a502-6394-4678-84b1-ae4c325cc965",
            "virtual_machine_scale_set_id": "",
            "vtpm_enabled": false,
            "zone": ""
          },
          "sensitive_attributes": [],
          "private": "eyJlMmJmYjczMC1lY2FhLTExZTYtOGY4OC0zNDM2M2JjN2M0YzAiOnsiY3JlYXRlIjoyNzAwMDAwMDAwMDAwLCJkZWxldGUiOjI3MDAwMDAwMDAwMDAsInJlYWQiOjMwMDAwMDAwMDAwMCwidXBkYXRlIjoyNzAwMDAwMDAwMDAwfX0=",
          "dependencies": [
            "azurerm_resource_group.TCP_Feels-RG",
            "azurerm_subnet.TCP_Feels-SUBNET",
            "azurerm_virtual_network.TCP_Feels-VNET",
            "module.TCP_Feels_VMs.azurerm_network_interface.TCP_Feels-NIC"
          ]
        },
        {
          "index_key": 1,
          "schema_version": 0,
          "attributes": {
            "additional_capabilities": [],
            "admin_password": "Passw0rd!",
            "admin_ssh_key": [],
            "admin_username": "adminuser",
            "allow_extension_operations": true,
            "availability_set_id": "",
            "boot_diagnostics": [],
            "capacity_reservation_group_id": "",
            "computer_name": "TCP-Feels-COMPNAME-1",
            "custom_data": "Li9pbml0LnNo",
            "dedicated_host_group_id": "",
            "dedicated_host_id": "",
            "disable_password_authentication": false,
            "edge_zone": "",
            "encryption_at_host_enabled": false,
            "eviction_policy": "",
            "extensions_time_budget": "PT1H30M",
            "gallery_application": [],
            "id": "/subscriptions/78592a97-2fcd-43ae-b2e8-02cd4b1934c8/resourceGroups/TCP_Feels-Resource-Group/providers/Microsoft.Compute/virtualMachines/TCP_WITH_FEELS--1",
            "identity": [],
            "license_type": "",
            "location": "eastus",
            "max_bid_price": -1,
            "name": "TCP_WITH_FEELS--1",
            "network_interface_ids": [
              "/subscriptions/78592a97-2fcd-43ae-b2e8-02cd4b1934c8/resourceGroups/TCP_Feels-Resource-Group/providers/Microsoft.Network/networkInterfaces/TCP_WITH_FEELS--1-nic"
            ],
            "os_disk": [
              {
                "caching": "ReadWrite",
                "diff_disk_settings": [],
                "disk_encryption_set_id": "",
                "disk_size_gb": 30,
                "name": "TCP_WITH_FEELS--1-osdisk",
                "secure_vm_disk_encryption_set_id": "",
                "security_encryption_type": "",
                "storage_account_type": "Standard_LRS",
                "write_accelerator_enabled": false
              }
            ],
            "patch_assessment_mode": "ImageDefault",
            "patch_mode": "ImageDefault",
            "plan": [],
            "platform_fault_domain": -1,
            "priority": "Regular",
            "private_ip_address": "10.16.4.4",
            "private_ip_addresses": [
              "10.16.4.4"
            ],
            "provision_vm_agent": true,
            "proximity_placement_group_id": "",
            "public_ip_address": "",
            "public_ip_addresses": [],
            "resource_group_name": "TCP_Feels-Resource-Group",
            "secret": [],
            "secure_boot_enabled": false,
            "size": "Standard_B1s",
            "source_image_id": "",
            "source_image_reference": [
              {
                "offer": "UbuntuServer",
                "publisher": "Canonical",
                "sku": "16.04-LTS",
                "version": "latest"
              }
            ],
            "tags": null,
            "termination_notification": null,
            "timeouts": null,
            "user_data": "",
            "virtual_machine_id": "178ac204-d1c9-4c01-8633-1eeef531d824",
            "virtual_machine_scale_set_id": "",
            "vtpm_enabled": false,
            "zone": ""
          },
          "sensitive_attributes": [],
          "private": "eyJlMmJmYjczMC1lY2FhLTExZTYtOGY4OC0zNDM2M2JjN2M0YzAiOnsiY3JlYXRlIjoyNzAwMDAwMDAwMDAwLCJkZWxldGUiOjI3MDAwMDAwMDAwMDAsInJlYWQiOjMwMDAwMDAwMDAwMCwidXBkYXRlIjoyNzAwMDAwMDAwMDAwfX0=",
          "dependencies": [
            "azurerm_resource_group.TCP_Feels-RG",
            "azurerm_subnet.TCP_Feels-SUBNET",
            "azurerm_virtual_network.TCP_Feels-VNET",
            "module.TCP_Feels_VMs.azurerm_network_interface.TCP_Feels-NIC"
          ]
        }
      ]
    },
    {
      "module": "module.TCP_Feels_VMs",
      "mode": "managed",
      "type": "azurerm_network_interface",
      "name": "TCP_Feels-NIC",
      "provider": "provider[\"registry.terraform.io/hashicorp/azurerm\"]",
      "instances": [
        {
          "index_key": 0,
          "schema_version": 0,
          "attributes": {
            "applied_dns_servers": [],
            "dns_servers": [],
            "edge_zone": "",
            "enable_accelerated_networking": false,
            "enable_ip_forwarding": false,
            "id": "/subscriptions/78592a97-2fcd-43ae-b2e8-02cd4b1934c8/resourceGroups/TCP_Feels-Resource-Group/providers/Microsoft.Network/networkInterfaces/TCP_WITH_FEELS--0-nic",
            "internal_dns_name_label": "",
            "internal_domain_name_suffix": "bhfw2raeicee3opg5ieplvm21b.bx.internal.cloudapp.net",
            "ip_configuration": [
              {
                "gateway_load_balancer_frontend_ip_configuration_id": "",
                "name": "Internal-Network",
                "primary": true,
                "private_ip_address": "10.16.4.5",
                "private_ip_address_allocation": "Dynamic",
                "private_ip_address_version": "IPv4",
                "public_ip_address_id": "",
                "subnet_id": "/subscriptions/78592a97-2fcd-43ae-b2e8-02cd4b1934c8/resourceGroups/TCP_Feels-Resource-Group/providers/Microsoft.Network/virtualNetworks/TCP_Feels-VNET/subnets/TCP_Feels-SUBNET"
              }
            ],
            "location": "eastus",
            "mac_address": "",
            "name": "TCP_WITH_FEELS--0-nic",
            "private_ip_address": "10.16.4.5",
            "private_ip_addresses": [
              "10.16.4.5"
            ],
            "resource_group_name": "TCP_Feels-Resource-Group",
            "tags": null,
            "timeouts": null,
            "virtual_machine_id": ""
          },
          "sensitive_attributes": [],
          "private": "eyJlMmJmYjczMC1lY2FhLTExZTYtOGY4OC0zNDM2M2JjN2M0YzAiOnsiY3JlYXRlIjoxODAwMDAwMDAwMDAwLCJkZWxldGUiOjE4MDAwMDAwMDAwMDAsInJlYWQiOjMwMDAwMDAwMDAwMCwidXBkYXRlIjoxODAwMDAwMDAwMDAwfX0=",
          "dependencies": [
            "azurerm_resource_group.TCP_Feels-RG",
            "azurerm_subnet.TCP_Feels-SUBNET",
            "azurerm_virtual_network.TCP_Feels-VNET"
          ]
        },
        {
          "index_key": 1,
          "schema_version": 0,
          "attributes": {
            "applied_dns_servers": [],
            "dns_servers": [],
            "edge_zone": "",
            "enable_accelerated_networking": false,
            "enable_ip_forwarding": false,
            "id": "/subscriptions/78592a97-2fcd-43ae-b2e8-02cd4b1934c8/resourceGroups/TCP_Feels-Resource-Group/providers/Microsoft.Network/networkInterfaces/TCP_WITH_FEELS--1-nic",
            "internal_dns_name_label": "",
            "internal_domain_name_suffix": "bhfw2raeicee3opg5ieplvm21b.bx.internal.cloudapp.net",
            "ip_configuration": [
              {
                "gateway_load_balancer_frontend_ip_configuration_id": "",
                "name": "Internal-Network",
                "primary": true,
                "private_ip_address": "10.16.4.4",
                "private_ip_address_allocation": "Dynamic",
                "private_ip_address_version": "IPv4",
                "public_ip_address_id": "",
                "subnet_id": "/subscriptions/78592a97-2fcd-43ae-b2e8-02cd4b1934c8/resourceGroups/TCP_Feels-Resource-Group/providers/Microsoft.Network/virtualNetworks/TCP_Feels-VNET/subnets/TCP_Feels-SUBNET"
              }
            ],
            "location": "eastus",
            "mac_address": "",
            "name": "TCP_WITH_FEELS--1-nic",
            "private_ip_address": "10.16.4.4",
            "private_ip_addresses": [
              "10.16.4.4"
            ],
            "resource_group_name": "TCP_Feels-Resource-Group",
            "tags": null,
            "timeouts": null,
            "virtual_machine_id": ""
          },
          "sensitive_attributes": [],
          "private": "eyJlMmJmYjczMC1lY2FhLTExZTYtOGY4OC0zNDM2M2JjN2M0YzAiOnsiY3JlYXRlIjoxODAwMDAwMDAwMDAwLCJkZWxldGUiOjE4MDAwMDAwMDAwMDAsInJlYWQiOjMwMDAwMDAwMDAwMCwidXBkYXRlIjoxODAwMDAwMDAwMDAwfX0=",
          "dependencies": [
            "azurerm_resource_group.TCP_Feels-RG",
            "azurerm_subnet.TCP_Feels-SUBNET",
            "azurerm_virtual_network.TCP_Feels-VNET"
          ]
        }
      ]
    }
  ],
  "check_results": null
}
